<?xml version="1.0" encoding="UTF-8" standalone="yes" ?>
<CodeBlocks_project_file>
	<FileVersion major="1" minor="6" />
	<Project>
		<Option title="Wanderer" />
		<Option pch_mode="2" />
		<Option compiler="gcc" />
		<Build>
			<Target title="Release">
				<Option output="bin/Release/Wanderer" prefix_auto="1" extension_auto="1" />
				<Option object_output="obj/Release/" />
				<Option type="1" />
				<Option compiler="gcc" />
				<Compiler>
					<Add option="-O2" />
					<Add directory="C:/Users/Constance Chaintron/Desktop/dev/SFML-2.5.1-mingw/include" />
					<Add directory="C:/Users/Constance Chaintron/Desktop/dev/Wanderer/core/include" />
				</Compiler>
				<Linker>
					<Add option="-s" />
					<Add library="sfml-graphics" />
					<Add library="sfml-window" />
					<Add library="sfml-system" />
					<Add directory="C:/Users/Constance Chaintron/Desktop/dev/SFML-2.5.1-mingw/lib" />
				</Linker>
			</Target>
		</Build>
		<Compiler>
			<Add option="-Wall" />
		</Compiler>
		<Unit filename="core/include/AnimatedEntity.hpp" />
		<Unit filename="core/include/Character.hpp" />
		<Unit filename="core/include/Constants.hpp" />
		<Unit filename="core/include/Direction.hpp" />
		<Unit filename="core/include/Enemy.hpp" />
		<Unit filename="core/include/Fireball.hpp" />
		<Unit filename="core/include/Game.hpp" />
		<Unit filename="core/include/GameObject.hpp" />
		<Unit filename="core/include/GameScene.hpp" />
		<Unit filename="core/include/Layer.hpp" />
		<Unit filename="core/include/Map.hpp" />
		<Unit filename="core/include/MovingEntity.hpp" />
		<Unit filename="core/include/Player.hpp" />
		<Unit filename="core/include/Scene.hpp" />
		<Unit filename="core/include/SceneManager.hpp" />
		<Unit filename="core/include/TileType.hpp" />
		<Unit filename="core/include/WalkingState.hpp" />
		<Unit filename="core/include/util.hpp" />
		<Unit filename="core/include/yState.hpp" />
		<Unit filename="core/src/AnimatedEntity.cpp" />
		<Unit filename="core/src/Character.cpp" />
		<Unit filename="core/src/Enemy.cpp" />
		<Unit filename="core/src/Fireball.cpp" />
		<Unit filename="core/src/Game.cpp" />
		<Unit filename="core/src/GameObject.cpp" />
		<Unit filename="core/src/GameScene.cpp" />
		<Unit filename="core/src/Layer.cpp" />
		<Unit filename="core/src/Map.cpp" />
		<Unit filename="core/src/MovingEntity.cpp" />
		<Unit filename="core/src/Player.cpp" />
		<Unit filename="core/src/Scene.cpp" />
		<Unit filename="core/src/SceneManager.cpp" />
		<Unit filename="core/src/main.cpp" />
		<Unit filename="core/src/util.cpp" />
		<Extensions>
			<lib_finder disable_auto="1" />
		</Extensions>
	</Project>
</CodeBlocks_project_file>
